
Microsoft Visual Studio Solution File, Format Version 12.00
# Visual Studio 15
VisualStudioVersion = 15.0.26730.3
MinimumVisualStudioVersion = 10.0.40219.1
Project("{9A19103F-16F7-4668-BE54-9A1E7A4F7556}") = "CSVtoJSON-ChicagoCrimeData", "CSVtoJSON-ChicagoCrimeData\CSVtoJSON-ChicagoCrimeData.csproj", "{13E02956-6A71-4B04-A12C-8E3961CAE2E2}"
EndProject
Project("{FAE04EC0-301F-11D3-BF4B-00C04F79EFBC}") = "D3ChartPlot", "D3ChartPlot\D3ChartPlot.csproj", "{6D5D3C07-C184-43E6-B82D-EB2F86957D5E}"
EndProject
Global
	GlobalSection(SolutionConfigurationPlatforms) = preSolution
		Debug|Any CPU = Debug|Any CPU
		Release|Any CPU = Release|Any CPU
	EndGlobalSection
	GlobalSection(ProjectConfigurationPlatforms) = postSolution
		{13E02956-6A71-4B04-A12C-8E3961CAE2E2}.Debug|Any CPU.ActiveCfg = Debug|Any CPU
		{13E02956-6A71-4B04-A12C-8E3961CAE2E2}.Debug|Any CPU.Build.0 = Debug|Any CPU
		{13E02956-6A71-4B04-A12C-8E3961CAE2E2}.Release|Any CPU.ActiveCfg = Release|Any CPU
		{13E02956-6A71-4B04-A12C-8E3961CAE2E2}.Release|Any CPU.Build.0 = Release|Any CPU
		{6D5D3C07-C184-43E6-B82D-EB2F86957D5E}.Debug|Any CPU.ActiveCfg = Debug|Any CPU
		{6D5D3C07-C184-43E6-B82D-EB2F86957D5E}.Debug|Any CPU.Build.0 = Debug|Any CPU
		{6D5D3C07-C184-43E6-B82D-EB2F86957D5E}.Release|Any CPU.ActiveCfg = Release|Any CPU
		{6D5D3C07-C184-43E6-B82D-EB2F86957D5E}.Release|Any CPU.Build.0 = Release|Any CPU
	EndGlobalSection
	GlobalSection(SolutionProperties) = preSolution
		HideSolutionNode = FALSE
	EndGlobalSection
	GlobalSection(ExtensibilityGlobals) = postSolution
		SolutionGuid = {15998E8D-A3C5-4DD2-8178-84E895AE0710}
	EndGlobalSection
EndGlobal
